<?xml version="1.0" encoding="utf-8"?>
<Project ToolsVersion="4.0" xmlns="http://schemas.microsoft.com/developer/msbuild/2003">
  <ItemGroup>
    <ClCompile Include="$(MSBuildThisFileDirectory)dllmain.cpp" />
    <ClCompile Include="$(MSBuildThisFileDirectory)pch.cpp" />
    <ClCompile Include="$(MSBuildThisFileDirectory)Implementations\LoginTask.cpp" />
  </ItemGroup>
  <ItemGroup>
    <ClInclude Include="$(MSBuildThisFileDirectory)pch.h" />
    <ClInclude Include="$(MSBuildThisFileDirectory)Implementations\LoginTask.h" />
  </ItemGroup>
  <ItemGroup>
    <Midl Include="$(MSBuildThisFileDirectory)AutoLogin.Background.idl" />
  </ItemGroup>
  <ItemGroup>
    <Filter Include="Implementations">
      <UniqueIdentifier>{227b3ea7-256d-445c-b91e-d5638d5ce320}</UniqueIdentifier>
    </Filter>
  </ItemGroup>
</Project>