<?xml version="1.0" encoding="utf-8"?>
<Project ToolsVersion="4.0" xmlns="http://schemas.microsoft.com/developer/msbuild/2003">
  <ItemGroup>
    <Image Include="$(MSBuildThisFileDirectory)\WP\Assets\Square44x44Logo.scale-100.png">
      <Filter>Assets</Filter>
    </Image>
    <Image Include="$(MSBuildThisFileDirectory)\WP\Assets\Square44x44Logo.scale-140.png">
      <Filter>Assets</Filter>
    </Image>
    <Image Include="$(MSBuildThisFileDirectory)\WP\Assets\Square44x44Logo.scale-240.png">
      <Filter>Assets</Filter>
    </Image>
    <Image Include="$(MSBuildThisFileDirectory)\WP\Assets\Square71x71Logo.scale-100.png">
      <Filter>Assets</Filter>
    </Image>
    <Image Include="$(MSBuildThisFileDirectory)\WP\Assets\Square71x71Logo.scale-140.png">
      <Filter>Assets</Filter>
    </Image>
    <Image Include="$(MSBuildThisFileDirectory)\WP\Assets\Square71x71Logo.scale-240.png">
      <Filter>Assets</Filter>
    </Image>
    <Image Include="$(MSBuildThisFileDirectory)\WP\Assets\Square150x150Logo.scale-100.png">
      <Filter>Assets</Filter>
    </Image>
    <Image Include="$(MSBuildThisFileDirectory)\WP\Assets\Square150x150Logo.scale-140.png">
      <Filter>Assets</Filter>
    </Image>
    <Image Include="$(MSBuildThisFileDirectory)\WP\Assets\Square150x150Logo.scale-240.png">
      <Filter>Assets</Filter>
    </Image>
    <Image Include="$(MSBuildThisFileDirectory)\WP\Assets\StoreLogo.scale-100.png">
      <Filter>Assets</Filter>
    </Image>
    <Image Include="$(MSBuildThisFileDirectory)\WP\Assets\StoreLogo.scale-140.png">
      <Filter>Assets</Filter>
    </Image>
    <Image Include="$(MSBuildThisFileDirectory)\WP\Assets\StoreLogo.scale-240.png">
      <Filter>Assets</Filter>
    </Image>
  </ItemGroup>
  <ItemGroup>
    <None Include="$(MSBuildThisFileDirectory)\WP\Package.StoreAssociation.xml" />
  </ItemGroup>
  <ItemGroup>
    <Filter Include="Assets">
      <UniqueIdentifier>{2ee7f155-7a3a-400b-ab59-67a8fa5f0690}</UniqueIdentifier>
    </Filter>
  </ItemGroup>
  <ItemGroup>
    <AppxManifest Include="WP\Package.appxmanifest" />
  </ItemGroup>
</Project>